<?xml version="1.0" encoding="utf-8"?>
<Project ToolsVersion="4.0" xmlns="http://schemas.microsoft.com/developer/msbuild/2003">
  <ItemGroup>
    <Filter Include="Source Files">
      <UniqueIdentifier>{4FC737F1-C7A5-4376-A066-2A32D752A2FF}</UniqueIdentifier>
      <Extensions>cpp;c;cc;cxx;def;odl;idl;hpj;bat;asm;asmx</Extensions>
    </Filter>
    <Filter Include="Header Files">
      <UniqueIdentifier>{93995380-89BD-4b04-88EB-625FBE52EBFB}</UniqueIdentifier>
      <Extensions>h;hh;hpp;hxx;hm;inl;inc;xsd</Extensions>
    </Filter>
    <Filter Include="Implementation Files">
      <UniqueIdentifier>{396cb9ef-8ab3-4b1a-b7b6-04beeafffbfa}</UniqueIdentifier>
    </Filter>
    <Filter Include="Header Files\GLFW">
      <UniqueIdentifier>{79ff4f34-a648-41e0-8466-74f041e09481}</UniqueIdentifier>
    </Filter>
    <Filter Include="Source Files\GLFW">
      <UniqueIdentifier>{a005a17a-2535-4eb6-97e1-93cc2902eea8}</UniqueIdentifier>
    </Filter>
    <Filter Include="Header Files\Utility">
      <UniqueIdentifier>{1e67f058-ec12-43a7-a21f-6d5737154979}</UniqueIdentifier>
    </Filter>
    <Filter Include="Implementation Files\Utility">
      <UniqueIdentifier>{56e755c3-4ccc-4952-8b03-1dcc38eca5f5}</UniqueIdentifier>
    </Filter>
    <Filter Include="Header Files\GL">
      <UniqueIdentifier>{178bcd81-9beb-433d-ba41-d0b324e171de}</UniqueIdentifier>
    </Filter>
    <Filter Include="Implementation Files\GL">
      <UniqueIdentifier>{4adfb45e-fe22-45e7-9523-670f5772f022}</UniqueIdentifier>
    </Filter>
    <Filter Include="Source Files\GL">
      <UniqueIdentifier>{60770566-3848-41bf-bb02-0562887eb443}</UniqueIdentifier>
    </Filter>
    <Filter Include="Header Files\UI">
      <UniqueIdentifier>{8abd27a3-d00e-45dc-a67d-acebd64e77e7}</UniqueIdentifier>
    </Filter>
    <Filter Include="Source Files\UI">
      <UniqueIdentifier>{80b0a93e-1895-487f-b276-1b3592fb17c3}</UniqueIdentifier>
    </Filter>
    <Filter Include="Header Files\UI\FT">
      <UniqueIdentifier>{9010090e-6c87-46de-8b65-a0691ff6354d}</UniqueIdentifier>
    </Filter>
    <Filter Include="Source Files\UI\FT">
      <UniqueIdentifier>{c6c9cf8c-d12a-460d-853a-c4e6d9b79292}</UniqueIdentifier>
    </Filter>
  </ItemGroup>
  <ItemGroup>
    <ClCompile Include="..\..\src\GLFW\Glfw.cc">
      <Filter>Source Files\GLFW</Filter>
    </ClCompile>
    <ClCompile Include="..\..\src\GLFW\Window.cc">
      <Filter>Source Files\GLFW</Filter>
    </ClCompile>
    <ClCompile Include="..\..\src\Object.cc">
      <Filter>Source Files</Filter>
    </ClCompile>
    <ClCompile Include="..\..\src\Camera.cc">
      <Filter>Source Files</Filter>
    </ClCompile>
    <ClCompile Include="..\..\src\Scene.cc">
      <Filter>Source Files</Filter>
    </ClCompile>
    <ClCompile Include="..\..\src\GL\Array.cc">
      <Filter>Source Files\GL</Filter>
    </ClCompile>
    <ClCompile Include="..\..\src\GL\Bind.cc">
      <Filter>Source Files\GL</Filter>
    </ClCompile>
    <ClCompile Include="..\..\src\GL\Buffer.cc">
      <Filter>Source Files\GL</Filter>
    </ClCompile>
    <ClCompile Include="..\..\src\GL\Program.cc">
      <Filter>Source Files\GL</Filter>
    </ClCompile>
    <ClCompile Include="..\..\src\GL\Shader.cc">
      <Filter>Source Files\GL</Filter>
    </ClCompile>
    <ClCompile Include="..\..\src\GL\Texture.cc">
      <Filter>Source Files\GL</Filter>
    </ClCompile>
    <ClCompile Include="..\..\src\Application.cc">
      <Filter>Source Files</Filter>
    </ClCompile>
    <ClCompile Include="..\..\src\Drawables.cc">
      <Filter>Source Files</Filter>
    </ClCompile>
    <ClCompile Include="..\..\src\Event.cc">
      <Filter>Source Files</Filter>
    </ClCompile>
    <ClCompile Include="..\..\src\Events.cc">
      <Filter>Source Files</Filter>
    </ClCompile>
    <ClCompile Include="..\..\src\Screen.cc">
      <Filter>Source Files</Filter>
    </ClCompile>
    <ClCompile Include="..\..\src\Window.cc">
      <Filter>Source Files</Filter>
    </ClCompile>
    <ClCompile Include="..\..\src\Logger.cc">
      <Filter>Source Files</Filter>
    </ClCompile>
    <ClCompile Include="..\..\src\UI\FT\Face.cc">
      <Filter>Source Files\UI\FT</Filter>
    </ClCompile>
    <ClCompile Include="..\..\src\UI\FT\Font.cc">
      <Filter>Source Files\UI\FT</Filter>
    </ClCompile>
    <ClCompile Include="..\..\src\UI\FT\Library.cc">
      <Filter>Source Files\UI\FT</Filter>
    </ClCompile>
    <ClCompile Include="..\..\src\UI\Element.cc">
      <Filter>Source Files\UI</Filter>
    </ClCompile>
    <ClCompile Include="..\..\src\UI\Text.cc">
      <Filter>Source Files\UI</Filter>
    </ClCompile>
  </ItemGroup>
  <ItemGroup>
    <ClInclude Include="..\..\src\Exception.hh">
      <Filter>Header Files</Filter>
    </ClInclude>
    <ClInclude Include="..\..\src\Window.hh">
      <Filter>Header Files</Filter>
    </ClInclude>
    <ClInclude Include="..\..\src\GLFW\Glfw.hh">
      <Filter>Header Files\GLFW</Filter>
    </ClInclude>
    <ClInclude Include="..\..\src\GLFW\Window.hh">
      <Filter>Header Files\GLFW</Filter>
    </ClInclude>
    <ClInclude Include="..\..\src\Object.hh">
      <Filter>Header Files</Filter>
    </ClInclude>
    <ClInclude Include="..\..\src\Utility\DefaultedList.hh">
      <Filter>Header Files\Utility</Filter>
    </ClInclude>
    <ClInclude Include="..\..\src\Utility\PolymorphicList.hh">
      <Filter>Header Files\Utility</Filter>
    </ClInclude>
    <ClInclude Include="..\..\src\Utility\PolymorphicListIterator.hh">
      <Filter>Header Files\Utility</Filter>
    </ClInclude>
    <ClInclude Include="..\..\src\Utility\DefaultedList.impl.hh">
      <Filter>Implementation Files\Utility</Filter>
    </ClInclude>
    <ClInclude Include="..\..\src\Utility\PolymorphicList.impl.hh">
      <Filter>Implementation Files\Utility</Filter>
    </ClInclude>
    <ClInclude Include="..\..\src\Utility\PolymorphicListIterator.impl.hh">
      <Filter>Implementation Files\Utility</Filter>
    </ClInclude>
    <ClInclude Include="..\..\src\Camera.hh">
      <Filter>Header Files</Filter>
    </ClInclude>
    <ClInclude Include="..\..\src\Drawable.hh">
      <Filter>Header Files</Filter>
    </ClInclude>
    <ClInclude Include="..\..\src\Scene.hh">
      <Filter>Header Files</Filter>
    </ClInclude>
    <ClInclude Include="..\..\src\Utility\SharedData.impl.hh">
      <Filter>Implementation Files\Utility</Filter>
    </ClInclude>
    <ClInclude Include="..\..\src\Utility\SharedData.hh">
      <Filter>Header Files\Utility</Filter>
    </ClInclude>
    <ClInclude Include="..\..\src\Application.hh">
      <Filter>Header Files</Filter>
    </ClInclude>
    <ClInclude Include="..\..\src\Drawables.hh">
      <Filter>Header Files</Filter>
    </ClInclude>
    <ClInclude Include="..\..\src\Event.hh">
      <Filter>Header Files</Filter>
    </ClInclude>
    <ClInclude Include="..\..\src\Events.hh">
      <Filter>Header Files</Filter>
    </ClInclude>
    <ClInclude Include="..\..\src\IWindow.hh">
      <Filter>Header Files</Filter>
    </ClInclude>
    <ClInclude Include="..\..\src\Screen.hh">
      <Filter>Header Files</Filter>
    </ClInclude>
    <ClInclude Include="..\..\src\Types.hh">
      <Filter>Header Files</Filter>
    </ClInclude>
    <ClInclude Include="..\..\src\Drawables.impl.hh">
      <Filter>Implementation Files</Filter>
    </ClInclude>
    <ClInclude Include="..\..\src\Window.impl.hh">
      <Filter>Implementation Files</Filter>
    </ClInclude>
    <ClInclude Include="..\..\src\GL\Array.hh">
      <Filter>Header Files\GL</Filter>
    </ClInclude>
    <ClInclude Include="..\..\src\GL\Bind.hh">
      <Filter>Header Files\GL</Filter>
    </ClInclude>
    <ClInclude Include="..\..\src\GL\Buffer.hh">
      <Filter>Header Files\GL</Filter>
    </ClInclude>
    <ClInclude Include="..\..\src\GL\Program.hh">
      <Filter>Header Files\GL</Filter>
    </ClInclude>
    <ClInclude Include="..\..\src\GL\Shader.hh">
      <Filter>Header Files\GL</Filter>
    </ClInclude>
    <ClInclude Include="..\..\src\GL\Texture.hh">
      <Filter>Header Files\GL</Filter>
    </ClInclude>
    <ClInclude Include="..\..\src\GL\Buffer.impl.hh">
      <Filter>Implementation Files\GL</Filter>
    </ClInclude>
    <ClInclude Include="..\..\src\GL\Program.impl.hh">
      <Filter>Implementation Files\GL</Filter>
    </ClInclude>
    <ClInclude Include="..\..\src\UI\FT\Face.hh">
      <Filter>Header Files\UI\FT</Filter>
    </ClInclude>
    <ClInclude Include="..\..\src\UI\FT\Font.hh">
      <Filter>Header Files\UI\FT</Filter>
    </ClInclude>
    <ClInclude Include="..\..\src\UI\FT\Library.hh">
      <Filter>Header Files\UI\FT</Filter>
    </ClInclude>
    <ClInclude Include="..\..\src\UI\Element.hh">
      <Filter>Header Files\UI</Filter>
    </ClInclude>
    <ClInclude Include="..\..\src\UI\Exception.hh">
      <Filter>Header Files\UI</Filter>
    </ClInclude>
    <ClInclude Include="..\..\src\UI\Text.hh">
      <Filter>Header Files\UI</Filter>
    </ClInclude>
  </ItemGroup>
</Project>