
Microsoft Visual Studio Solution File, Format Version 12.00
# Visual Studio 15
VisualStudioVersion = 15.0.26730.3
MinimumVisualStudioVersion = 10.0.40219.1
Project("{8BC9CEB8-8B4A-11D0-8D11-00A0C91BC942}") = "Theia", "Theia\Theia.vcxproj", "{54CED1F7-4C0E-4BB5-931E-ECCC4CC7A4CF}"
	ProjectSection(ProjectDependencies) = postProject
		{23BEC3A9-1AD4-49FA-8D60-0A0FFFA64F17} = {23BEC3A9-1AD4-49FA-8D60-0A0FFFA64F17}
		{25B626B2-690C-4EEE-A3A9-2AA486E31542} = {25B626B2-690C-4EEE-A3A9-2AA486E31542}
	EndProjectSection
EndProject
Project("{8BC9CEB8-8B4A-11D0-8D11-00A0C91BC942}") = "Entropy", "..\..\Entropy\win\Entropy\Entropy.vcxproj", "{25B626B2-690C-4EEE-A3A9-2AA486E31542}"
EndProject
Project("{8BC9CEB8-8B4A-11D0-8D11-00A0C91BC942}") = "WindowsTest", "WindowsTest\WindowsTest.vcxproj", "{4A39233F-4A95-4223-AA99-0DE85FBFD6CD}"
	ProjectSection(ProjectDependencies) = postProject
		{25B626B2-690C-4EEE-A3A9-2AA486E31542} = {25B626B2-690C-4EEE-A3A9-2AA486E31542}
		{54CED1F7-4C0E-4BB5-931E-ECCC4CC7A4CF} = {54CED1F7-4C0E-4BB5-931E-ECCC4CC7A4CF}
	EndProjectSection
EndProject
Project("{8BC9CEB8-8B4A-11D0-8D11-00A0C91BC942}") = "Tethys", "..\..\Tethys\win\Tethys\Tethys.vcxproj", "{23BEC3A9-1AD4-49FA-8D60-0A0FFFA64F17}"
	ProjectSection(ProjectDependencies) = postProject
		{25B626B2-690C-4EEE-A3A9-2AA486E31542} = {25B626B2-690C-4EEE-A3A9-2AA486E31542}
	EndProjectSection
EndProject
Global
	GlobalSection(SolutionConfigurationPlatforms) = preSolution
		Debug|x64 = Debug|x64
		Debug|x86 = Debug|x86
		Release|x64 = Release|x64
		Release|x86 = Release|x86
	EndGlobalSection
	GlobalSection(ProjectConfigurationPlatforms) = postSolution
		{54CED1F7-4C0E-4BB5-931E-ECCC4CC7A4CF}.Debug|x64.ActiveCfg = Debug|Win32
		{54CED1F7-4C0E-4BB5-931E-ECCC4CC7A4CF}.Debug|x86.ActiveCfg = Debug|Win32
		{54CED1F7-4C0E-4BB5-931E-ECCC4CC7A4CF}.Debug|x86.Build.0 = Debug|Win32
		{54CED1F7-4C0E-4BB5-931E-ECCC4CC7A4CF}.Release|x64.ActiveCfg = Debug|Win32
		{54CED1F7-4C0E-4BB5-931E-ECCC4CC7A4CF}.Release|x86.ActiveCfg = Debug|Win32
		{25B626B2-690C-4EEE-A3A9-2AA486E31542}.Debug|x64.ActiveCfg = Debug|Win32
		{25B626B2-690C-4EEE-A3A9-2AA486E31542}.Debug|x86.ActiveCfg = Debug|Win32
		{25B626B2-690C-4EEE-A3A9-2AA486E31542}.Debug|x86.Build.0 = Debug|Win32
		{25B626B2-690C-4EEE-A3A9-2AA486E31542}.Release|x64.ActiveCfg = Debug|Win32
		{25B626B2-690C-4EEE-A3A9-2AA486E31542}.Release|x86.ActiveCfg = Debug|Win32
		{4A39233F-4A95-4223-AA99-0DE85FBFD6CD}.Debug|x64.ActiveCfg = Debug|Win32
		{4A39233F-4A95-4223-AA99-0DE85FBFD6CD}.Debug|x86.ActiveCfg = Debug|Win32
		{4A39233F-4A95-4223-AA99-0DE85FBFD6CD}.Debug|x86.Build.0 = Debug|Win32
		{4A39233F-4A95-4223-AA99-0DE85FBFD6CD}.Release|x64.ActiveCfg = Debug|Win32
		{4A39233F-4A95-4223-AA99-0DE85FBFD6CD}.Release|x86.ActiveCfg = Debug|Win32
		{23BEC3A9-1AD4-49FA-8D60-0A0FFFA64F17}.Debug|x64.ActiveCfg = Debug|x64
		{23BEC3A9-1AD4-49FA-8D60-0A0FFFA64F17}.Debug|x64.Build.0 = Debug|x64
		{23BEC3A9-1AD4-49FA-8D60-0A0FFFA64F17}.Debug|x86.ActiveCfg = Debug|Win32
		{23BEC3A9-1AD4-49FA-8D60-0A0FFFA64F17}.Debug|x86.Build.0 = Debug|Win32
		{23BEC3A9-1AD4-49FA-8D60-0A0FFFA64F17}.Release|x64.ActiveCfg = Debug|x64
		{23BEC3A9-1AD4-49FA-8D60-0A0FFFA64F17}.Release|x64.Build.0 = Debug|x64
		{23BEC3A9-1AD4-49FA-8D60-0A0FFFA64F17}.Release|x86.ActiveCfg = Debug|x64
		{23BEC3A9-1AD4-49FA-8D60-0A0FFFA64F17}.Release|x86.Build.0 = Debug|x64
	EndGlobalSection
	GlobalSection(SolutionProperties) = preSolution
		HideSolutionNode = FALSE
	EndGlobalSection
	GlobalSection(ExtensibilityGlobals) = postSolution
		SolutionGuid = {45BDB443-7B81-4FCD-A243-97E6BFF645FF}
	EndGlobalSection
EndGlobal
